
Microsoft Visual Studio Solution File, Format Version 12.00
# Visual Studio Version 17
VisualStudioVersion = 17.3.32901.215
MinimumVisualStudioVersion = 10.0.40219.1
Project("{FAE04EC0-301F-11D3-BF4B-00C04F79EFBC}") = "TrainWork", "TrainWork.csproj", "{340F7941-28D3-416A-8F91-38B02FDF181F}"
EndProject
Global
	GlobalSection(SolutionConfigurationPlatforms) = preSolution
		Debug|Any CPU = Debug|Any CPU
		Release|Any CPU = Release|Any CPU
	EndGlobalSection
	GlobalSection(ProjectConfigurationPlatforms) = postSolution
		{340F7941-28D3-416A-8F91-38B02FDF181F}.Debug|Any CPU.ActiveCfg = Debug|Any CPU
		{340F7941-28D3-416A-8F91-38B02FDF181F}.Debug|Any CPU.Build.0 = Debug|Any CPU
		{340F7941-28D3-416A-8F91-38B02FDF181F}.Release|Any CPU.ActiveCfg = Release|Any CPU
		{340F7941-28D3-416A-8F91-38B02FDF181F}.Release|Any CPU.Build.0 = Release|Any CPU
	EndGlobalSection
	GlobalSection(SolutionProperties) = preSolution
		HideSolutionNode = FALSE
	EndGlobalSection
	GlobalSection(ExtensibilityGlobals) = postSolution
		SolutionGuid = {47A7C2F1-6C33-4764-BCCC-AC20CFE67F7C}
	EndGlobalSection
EndGlobal
